
Microsoft Visual Studio Solution File, Format Version 11.00
# Visual Studio 2010
Project("{FAE04EC0-301F-11D3-BF4B-00C04F79EFBC}") = "Android_Roomscale_VR", "Assembly-CSharp.csproj", "{F5421C51-17A3-1AD9-9B7C-61992DA67463}"
EndProject
Global
	GlobalSection(SolutionConfigurationPlatforms) = preSolution
		Debug|Any CPU = Debug|Any CPU
		Release|Any CPU = Release|Any CPU
	EndGlobalSection
	GlobalSection(ProjectConfigurationPlatforms) = postSolution
		{F5421C51-17A3-1AD9-9B7C-61992DA67463}.Debug|Any CPU.ActiveCfg = Debug|Any CPU
		{F5421C51-17A3-1AD9-9B7C-61992DA67463}.Debug|Any CPU.Build.0 = Debug|Any CPU
		{F5421C51-17A3-1AD9-9B7C-61992DA67463}.Release|Any CPU.ActiveCfg = Release|Any CPU
		{F5421C51-17A3-1AD9-9B7C-61992DA67463}.Release|Any CPU.Build.0 = Release|Any CPU
	EndGlobalSection
	GlobalSection(SolutionProperties) = preSolution
		HideSolutionNode = FALSE
	EndGlobalSection
	GlobalSection(MonoDevelopProperties) = preSolution
		StartupItem = Assembly-CSharp.csproj
	EndGlobalSection
EndGlobal
